
Microsoft Visual Studio Solution File, Format Version 12.00
# Visual Studio Version 17
VisualStudioVersion = 17.11.35017.193
MinimumVisualStudioVersion = 10.0.40219.1
Project("{FAE04EC0-301F-11D3-BF4B-00C04F79EFBC}") = "Batch4.Api.ExpenseTracker", "Batch4.Api.ExpenseTracker\Batch4.Api.ExpenseTracker.csproj", "{532A6CA2-3F54-42BE-B8A3-96B2291B0632}"
EndProject
Global
	GlobalSection(SolutionConfigurationPlatforms) = preSolution
		Debug|Any CPU = Debug|Any CPU
		Release|Any CPU = Release|Any CPU
	EndGlobalSection
	GlobalSection(ProjectConfigurationPlatforms) = postSolution
		{532A6CA2-3F54-42BE-B8A3-96B2291B0632}.Debug|Any CPU.ActiveCfg = Debug|Any CPU
		{532A6CA2-3F54-42BE-B8A3-96B2291B0632}.Debug|Any CPU.Build.0 = Debug|Any CPU
		{532A6CA2-3F54-42BE-B8A3-96B2291B0632}.Release|Any CPU.ActiveCfg = Release|Any CPU
		{532A6CA2-3F54-42BE-B8A3-96B2291B0632}.Release|Any CPU.Build.0 = Release|Any CPU
	EndGlobalSection
	GlobalSection(SolutionProperties) = preSolution
		HideSolutionNode = FALSE
	EndGlobalSection
	GlobalSection(ExtensibilityGlobals) = postSolution
		SolutionGuid = {AB10C668-925F-406A-9AAA-1FCCF863330F}
	EndGlobalSection
EndGlobal
